
Microsoft Visual Studio Solution File, Format Version 12.00
# Visual Studio Version 17
VisualStudioVersion = 17.4.33110.190
MinimumVisualStudioVersion = 10.0.40219.1
Project("{FAE04EC0-301F-11D3-BF4B-00C04F79EFBC}") = "Member Manager", "Member Manager\Member Manager.csproj", "{0FC3A1BC-9434-4830-A698-92B7E3C4CEA6}"
EndProject
Project("{54435603-DBB4-11D2-8724-00A0C9A8B90C}") = "Setup", "Setup\Setup.vdproj", "{ABB242AD-5A3F-4D71-97D6-ACE08656B176}"
EndProject
Global
	GlobalSection(SolutionConfigurationPlatforms) = preSolution
		Debug|Any CPU = Debug|Any CPU
		Release|Any CPU = Release|Any CPU
	EndGlobalSection
	GlobalSection(ProjectConfigurationPlatforms) = postSolution
		{0FC3A1BC-9434-4830-A698-92B7E3C4CEA6}.Debug|Any CPU.ActiveCfg = Debug|Any CPU
		{0FC3A1BC-9434-4830-A698-92B7E3C4CEA6}.Debug|Any CPU.Build.0 = Debug|Any CPU
		{0FC3A1BC-9434-4830-A698-92B7E3C4CEA6}.Release|Any CPU.ActiveCfg = Release|Any CPU
		{0FC3A1BC-9434-4830-A698-92B7E3C4CEA6}.Release|Any CPU.Build.0 = Release|Any CPU
		{ABB242AD-5A3F-4D71-97D6-ACE08656B176}.Debug|Any CPU.ActiveCfg = Debug
		{ABB242AD-5A3F-4D71-97D6-ACE08656B176}.Release|Any CPU.ActiveCfg = Release
	EndGlobalSection
	GlobalSection(SolutionProperties) = preSolution
		HideSolutionNode = FALSE
	EndGlobalSection
	GlobalSection(ExtensibilityGlobals) = postSolution
		SolutionGuid = {CC66BE52-FDDA-4A15-9EE7-10032879DAD8}
	EndGlobalSection
EndGlobal
